// !$*UTF8*$!
{
	archiveVersion = 1;
	classes = {
	};
	objectVersion = 50;
	objects = {

/* Begin PBXBuildFile section */
		352ECF9B20C951F000FF4386 /* AppDelegate.swift in Sources */ = {isa = PBXBuildFile; fileRef = 352ECF9A20C951F000FF4386 /* AppDelegate.swift */; };
		352ECF9D20C951F000FF4386 /* ViewController.swift in Sources */ = {isa = PBXBuildFile; fileRef = 352ECF9C20C951F000FF4386 /* ViewController.swift */; };
		352ECFA020C951F000FF4386 /* Main.storyboard in Resources */ = {isa = PBXBuildFile; fileRef = 352ECF9E20C951F000FF4386 /* Main.storyboard */; };
		352ECFA220C951F000FF4386 /* Assets.xcassets in Resources */ = {isa = PBXBuildFile; fileRef = 352ECFA120C951F000FF4386 /* Assets.xcassets */; };
		352ECFA520C951F000FF4386 /* LaunchScreen.storyboard in Resources */ = {isa = PBXBuildFile; fileRef = 352ECFA320C951F000FF4386 /* LaunchScreen.storyboard */; };
		352ECFB020C951F100FF4386 /* SIngleViewAppTests.swift in Sources */ = {isa = PBXBuildFile; fileRef = 352ECFAF20C951F100FF4386 /* SIngleViewAppTests.swift */; };
		352ECFBB20C951F100FF4386 /* SIngleViewAppUITests.swift in Sources */ = {isa = PBXBuildFile; fileRef = 352ECFBA20C951F100FF4386 /* SIngleViewAppUITests.swift */; };
/* End PBXBuildFile section */

/* Begin PBXContainerItemProxy section */
		352ECFAC20C951F100FF4386 /* PBXContainerItemProxy */ = {
			isa = PBXContainerItemProxy;
			containerPortal = 352ECF8F20C951F000FF4386 /* Project object */;
			proxyType = 1;
			remoteGlobalIDString = 352ECF9620C951F000FF4386;
			remoteInfo = SIngleViewApp;
		};
		352ECFB720C951F100FF4386 /* PBXContainerItemProxy */ = {
			isa = PBXContainerItemProxy;
			containerPortal = 352ECF8F20C951F000FF4386 /* Project object */;
			proxyType = 1;
			remoteGlobalIDString = 352ECF9620C951F000FF4386;
			remoteInfo = SIngleViewApp;
		};
/* End PBXContainerItemProxy section */

/* Begin PBXFileReference section */
		352ECF9720C951F000FF4386 /* SIngleViewApp.app */ = {isa = PBXFileReference; explicitFileType = wrapper.application; includeInIndex = 0; path = SIngleViewApp.app; sourceTree = BUILT_PRODUCTS_DIR; };
		352ECF9A20C951F000FF4386 /* AppDelegate.swift */ = {isa = PBXFileReference; lastKnownFileType = sourcecode.swift; path = AppDelegate.swift; sourceTree = "<group>"; };
		352ECF9C20C951F000FF4386 /* ViewController.swift */ = {isa = PBXFileReference; lastKnownFileType = sourcecode.swift; path = ViewController.swift; sourceTree = "<group>"; };
		352ECF9F20C951F000FF4386 /* Base */ = {isa = PBXFileReference; lastKnownFileType = file.storyboard; name = Base; path = Base.lproj/Main.storyboard; sourceTree = "<group>"; };
		352ECFA120C951F000FF4386 /* Assets.xcassets */ = {isa = PBXFileReference; lastKnownFileType = folder.assetcatalog; path = Assets.xcassets; sourceTree = "<group>"; };
		352ECFA420C951F000FF4386 /* Base */ = {isa = PBXFileReference; lastKnownFileType = file.storyboard; name = Base; path = Base.lproj/LaunchScreen.storyboard; sourceTree = "<group>"; };
		352ECFA620C951F000FF4386 /* Info.plist */ = {isa = PBXFileReference; lastKnownFileType = text.plist.xml; path = Info.plist; sourceTree = "<group>"; };
		352ECFAB20C951F100FF4386 /* SIngleViewAppTests.xctest */ = {isa = PBXFileReference; explicitFileType = wrapper.cfbundle; includeInIndex = 0; path = SIngleViewAppTests.xctest; sourceTree = BUILT_PRODUCTS_DIR; };
		352ECFAF20C951F100FF4386 /* SIngleViewAppTests.swift */ = {isa = PBXFileReference; lastKnownFileType = sourcecode.swift; path = SIngleViewAppTests.swift; sourceTree = "<group>"; };
		352ECFB120C951F100FF4386 /* Info.plist */ = {isa = PBXFileReference; lastKnownFileType = text.plist.xml; path = Info.plist; sourceTree = "<group>"; };
		352ECFB620C951F100FF4386 /* SIngleViewAppUITests.xctest */ = {isa = PBXFileReference; explicitFileType = wrapper.cfbundle; includeInIndex = 0; path = SIngleViewAppUITests.xctest; sourceTree = BUILT_PRODUCTS_DIR; };
		352ECFBA20C951F100FF4386 /* SIngleViewAppUITests.swift */ = {isa = PBXFileReference; lastKnownFileType = sourcecode.swift; path = SIngleViewAppUITests.swift; sourceTree = "<group>"; };
		352ECFBC20C951F100FF4386 /* Info.plist */ = {isa = PBXFileReference; lastKnownFileType = text.plist.xml; path = Info.plist; sourceTree = "<group>"; };
/* End PBXFileReference section */

/* Begin PBXFrameworksBuildPhase section */
		352ECF9420C951F000FF4386 /* Frameworks */ = {
			isa = PBXFrameworksBuildPhase;
			buildActionMask = 2147483647;
			files = (
			);
			runOnlyForDeploymentPostprocessing = 0;
		};
		352ECFA820C951F100FF4386 /* Frameworks */ = {
			isa = PBXFrameworksBuildPhase;
			buildActionMask = 2147483647;
			files = (
			);
			runOnlyForDeploymentPostprocessing = 0;
		};
		352ECFB320C951F100FF4386 /* Frameworks */ = {
			isa = PBXFrameworksBuildPhase;
			buildActionMask = 2147483647;
			files = (
			);
			runOnlyForDeploymentPostprocessing = 0;
		};
/* End PBXFrameworksBuildPhase section */

/* Begin PBXGroup section */
		352ECF8E20C951F000FF4386 = {
			isa = PBXGroup;
			children = (
				352ECF9920C951F000FF4386 /* SIngleViewApp */,
				352ECFAE20C951F100FF4386 /* SIngleViewAppTests */,
				352ECFB920C951F100FF4386 /* SIngleViewAppUITests */,
				352ECF9820C951F000FF4386 /* Products */,
			);
			sourceTree = "<group>";
		};
		352ECF9820C951F000FF4386 /* Products */ = {
			isa = PBXGroup;
			children = (
				352ECF9720C951F000FF4386 /* SIngleViewApp.app */,
				352ECFAB20C951F100FF4386 /* SIngleViewAppTests.xctest */,
				352ECFB620C951F100FF4386 /* SIngleViewAppUITests.xctest */,
			);
			name = Products;
			sourceTree = "<group>";
		};
		352ECF9920C951F000FF4386 /* SIngleViewApp */ = {
			isa = PBXGroup;
			children = (
				352ECF9A20C951F000FF4386 /* AppDelegate.swift */,
				352ECF9C20C951F000FF4386 /* ViewController.swift */,
				352ECF9E20C951F000FF4386 /* Main.storyboard */,
				352ECFA120C951F000FF4386 /* Assets.xcassets */,
				352ECFA320C951F000FF4386 /* LaunchScreen.storyboard */,
				352ECFA620C951F000FF4386 /* Info.plist */,
			);
			path = SIngleViewApp;
			sourceTree = "<group>";
		};
		352ECFAE20C951F100FF4386 /* SIngleViewAppTests */ = {
			isa = PBXGroup;
			children = (
				352ECFAF20C951F100FF4386 /* SIngleViewAppTests.swift */,
				352ECFB120C951F100FF4386 /* Info.plist */,
			);
			path = SIngleViewAppTests;
			sourceTree = "<group>";
		};
		352ECFB920C951F100FF4386 /* SIngleViewAppUITests */ = {
			isa = PBXGroup;
			children = (
				352ECFBA20C951F100FF4386 /* SIngleViewAppUITests.swift */,
				352ECFBC20C951F100FF4386 /* Info.plist */,
			);
			path = SIngleViewAppUITests;
			sourceTree = "<group>";
		};
/* End PBXGroup section */

/* Begin PBXNativeTarget section */
		352ECF9620C951F000FF4386 /* SIngleViewApp */ = {
			isa = PBXNativeTarget;
			buildConfigurationList = 352ECFBF20C951F100FF4386 /* Build configuration list for PBXNativeTarget "SIngleViewApp" */;
			buildPhases = (
				352ECF9320C951F000FF4386 /* Sources */,
				352ECF9420C951F000FF4386 /* Frameworks */,
				352ECF9520C951F000FF4386 /* Resources */,
			);
			buildRules = (
			);
			dependencies = (
			);
			name = SIngleViewApp;
			productName = SIngleViewApp;
			productReference = 352ECF9720C951F000FF4386 /* SIngleViewApp.app */;
			productType = "com.apple.product-type.application";
		};
		352ECFAA20C951F100FF4386 /* SIngleViewAppTests */ = {
			isa = PBXNativeTarget;
			buildConfigurationList = 352ECFC220C951F100FF4386 /* Build configuration list for PBXNativeTarget "SIngleViewAppTests" */;
			buildPhases = (
				352ECFA720C951F100FF4386 /* Sources */,
				352ECFA820C951F100FF4386 /* Frameworks */,
				352ECFA920C951F100FF4386 /* Resources */,
			);
			buildRules = (
			);
			dependencies = (
				352ECFAD20C951F100FF4386 /* PBXTargetDependency */,
			);
			name = SIngleViewAppTests;
			productName = SIngleViewAppTests;
			productReference = 352ECFAB20C951F100FF4386 /* SIngleViewAppTests.xctest */;
			productType = "com.apple.product-type.bundle.unit-test";
		};
		352ECFB520C951F100FF4386 /* SIngleViewAppUITests */ = {
			isa = PBXNativeTarget;
			buildConfigurationList = 352ECFC520C951F100FF4386 /* Build configuration list for PBXNativeTarget "SIngleViewAppUITests" */;
			buildPhases = (
				352ECFB220C951F100FF4386 /* Sources */,
				352ECFB320C951F100FF4386 /* Frameworks */,
				352ECFB420C951F100FF4386 /* Resources */,
			);
			buildRules = (
			);
			dependencies = (
				352ECFB820C951F100FF4386 /* PBXTargetDependency */,
			);
			name = SIngleViewAppUITests;
			productName = SIngleViewAppUITests;
			productReference = 352ECFB620C951F100FF4386 /* SIngleViewAppUITests.xctest */;
			productType = "com.apple.product-type.bundle.ui-testing";
		};
/* End PBXNativeTarget section */

/* Begin PBXProject section */
		352ECF8F20C951F000FF4386 /* Project object */ = {
			isa = PBXProject;
			attributes = {
				LastSwiftUpdateCheck = 0930;
				LastUpgradeCheck = 0930;
				ORGANIZATIONNAME = User23;
				TargetAttributes = {
					352ECF9620C951F000FF4386 = {
						CreatedOnToolsVersion = 9.3;
					};
					352ECFAA20C951F100FF4386 = {
						CreatedOnToolsVersion = 9.3;
						TestTargetID = 352ECF9620C951F000FF4386;
					};
					352ECFB520C951F100FF4386 = {
						CreatedOnToolsVersion = 9.3;
						TestTargetID = 352ECF9620C951F000FF4386;
					};
				};
			};
			buildConfigurationList = 352ECF9220C951F000FF4386 /* Build configuration list for PBXProject "SIngleViewApp" */;
			compatibilityVersion = "Xcode 9.3";
			developmentRegion = en;
			hasScannedForEncodings = 0;
			knownRegions = (
				en,
				Base,
			);
			mainGroup = 352ECF8E20C951F000FF4386;
			productRefGroup = 352ECF9820C951F000FF4386 /* Products */;
			projectDirPath = "";
			projectRoot = "";
			targets = (
				352ECF9620C951F000FF4386 /* SIngleViewApp */,
				352ECFAA20C951F100FF4386 /* SIngleViewAppTests */,
				352ECFB520C951F100FF4386 /* SIngleViewAppUITests */,
			);
		};
/* End PBXProject section */

/* Begin PBXResourcesBuildPhase section */
		352ECF9520C951F000FF4386 /* Resources */ = {
			isa = PBXResourcesBuildPhase;
			buildActionMask = 2147483647;
			files = (
				352ECFA520C951F000FF4386 /* LaunchScreen.storyboard in Resources */,
				352ECFA220C951F000FF4386 /* Assets.xcassets in Resources */,
				352ECFA020C951F000FF4386 /* Main.storyboard in Resources */,
			);
			runOnlyForDeploymentPostprocessing = 0;
		};
		352ECFA920C951F100FF4386 /* Resources */ = {
			isa = PBXResourcesBuildPhase;
			buildActionMask = 2147483647;
			files = (
			);
			runOnlyForDeploymentPostprocessing = 0;
		};
		352ECFB420C951F100FF4386 /* Resources */ = {
			isa = PBXResourcesBuildPhase;
			buildActionMask = 2147483647;
			files = (
			);
			runOnlyForDeploymentPostprocessing = 0;
		};
/* End PBXResourcesBuildPhase section */

/* Begin PBXSourcesBuildPhase section */
		352ECF9320C951F000FF4386 /* Sources */ = {
			isa = PBXSourcesBuildPhase;
			buildActionMask = 2147483647;
			files = (
				352ECF9D20C951F000FF4386 /* ViewController.swift in Sources */,
				352ECF9B20C951F000FF4386 /* AppDelegate.swift in Sources */,
			);
			runOnlyForDeploymentPostprocessing = 0;
		};
		352ECFA720C951F100FF4386 /* Sources */ = {
			isa = PBXSourcesBuildPhase;
			buildActionMask = 2147483647;
			files = (
				352ECFB020C951F100FF4386 /* SIngleViewAppTests.swift in Sources */,
			);
			runOnlyForDeploymentPostprocessing = 0;
		};
		352ECFB220C951F100FF4386 /* Sources */ = {
			isa = PBXSourcesBuildPhase;
			buildActionMask = 2147483647;
			files = (
				352ECFBB20C951F100FF4386 /* SIngleViewAppUITests.swift in Sources */,
			);
			runOnlyForDeploymentPostprocessing = 0;
		};
/* End PBXSourcesBuildPhase section */

/* Begin PBXTargetDependency section */
		352ECFAD20C951F100FF4386 /* PBXTargetDependency */ = {
			isa = PBXTargetDependency;
			target = 352ECF9620C951F000FF4386 /* SIngleViewApp */;
			targetProxy = 352ECFAC20C951F100FF4386 /* PBXContainerItemProxy */;
		};
		352ECFB820C951F100FF4386 /* PBXTargetDependency */ = {
			isa = PBXTargetDependency;
			target = 352ECF9620C951F000FF4386 /* SIngleViewApp */;
			targetProxy = 352ECFB720C951F100FF4386 /* PBXContainerItemProxy */;
		};
/* End PBXTargetDependency section */

/* Begin PBXVariantGroup section */
		352ECF9E20C951F000FF4386 /* Main.storyboard */ = {
			isa = PBXVariantGroup;
			children = (
				352ECF9F20C951F000FF4386 /* Base */,
			);
			name = Main.storyboard;
			sourceTree = "<group>";
		};
		352ECFA320C951F000FF4386 /* LaunchScreen.storyboard */ = {
			isa = PBXVariantGroup;
			children = (
				352ECFA420C951F000FF4386 /* Base */,
			);
			name = LaunchScreen.storyboard;
			sourceTree = "<group>";
		};
/* End PBXVariantGroup section */

/* Begin XCBuildConfiguration section */
		352ECFBD20C951F100FF4386 /* Debug */ = {
			isa = XCBuildConfiguration;
			buildSettings = {
				ALWAYS_SEARCH_USER_PATHS = NO;
				CLANG_ANALYZER_NONNULL = YES;
				CLANG_ANALYZER_NUMBER_OBJECT_CONVERSION = YES_AGGRESSIVE;
				CLANG_CXX_LANGUAGE_STANDARD = "gnu++14";
				CLANG_CXX_LIBRARY = "libc++";
				CLANG_ENABLE_MODULES = YES;
				CLANG_ENABLE_OBJC_ARC = YES;
				CLANG_ENABLE_OBJC_WEAK = YES;
				CLANG_WARN_BLOCK_CAPTURE_AUTORELEASING = YES;
				CLANG_WARN_BOOL_CONVERSION = YES;
				CLANG_WARN_COMMA = YES;
				CLANG_WARN_CONSTANT_CONVERSION = YES;
				CLANG_WARN_DEPRECATED_OBJC_IMPLEMENTATIONS = YES;
				CLANG_WARN_DIRECT_OBJC_ISA_USAGE = YES_ERROR;
				CLANG_WARN_DOCUMENTATION_COMMENTS = YES;
				CLANG_WARN_EMPTY_BODY = YES;
				CLANG_WARN_ENUM_CONVERSION = YES;
				CLANG_WARN_INFINITE_RECURSION = YES;
				CLANG_WARN_INT_CONVERSION = YES;
				CLANG_WARN_NON_LITERAL_NULL_CONVERSION = YES;
				CLANG_WARN_OBJC_IMPLICIT_RETAIN_SELF = YES;
				CLANG_WARN_OBJC_LITERAL_CONVERSION = YES;
				CLANG_WARN_OBJC_ROOT_CLASS = YES_ERROR;
				CLANG_WARN_RANGE_LOOP_ANALYSIS = YES;
				CLANG_WARN_STRICT_PROTOTYPES = YES;
				CLANG_WARN_SUSPICIOUS_MOVE = YES;
				CLANG_WARN_UNGUARDED_AVAILABILITY = YES_AGGRESSIVE;
				CLANG_WARN_UNREACHABLE_CODE = YES;
				CLANG_WARN__DUPLICATE_METHOD_MATCH = YES;
				CODE_SIGN_IDENTITY = "iPhone Developer";
				COPY_PHASE_STRIP = NO;
				DEBUG_INFORMATION_FORMAT = dwarf;
				ENABLE_STRICT_OBJC_MSGSEND = YES;
				ENABLE_TESTABILITY = YES;
				GCC_C_LANGUAGE_STANDARD = gnu11;
				GCC_DYNAMIC_NO_PIC = NO;
				GCC_NO_COMMON_BLOCKS = YES;
				GCC_OPTIMIZATION_LEVEL = 0;
				GCC_PREPROCESSOR_DEFINITIONS = (
					"DEBUG=1",
					"$(inherited)",
				);
				GCC_WARN_64_TO_32_BIT_CONVERSION = YES;
				GCC_WARN_ABOUT_RETURN_TYPE = YES_ERROR;
				GCC_WARN_UNDECLARED_SELECTOR = YES;
				GCC_WARN_UNINITIALIZED_AUTOS = YES_AGGRESSIVE;
				GCC_WARN_UNUSED_FUNCTION = YES;
				GCC_WARN_UNUSED_VARIABLE = YES;
				IPHONEOS_DEPLOYMENT_TARGET = 11.3;
				MTL_ENABLE_DEBUG_INFO = YES;
				ONLY_ACTIVE_ARCH = YES;
				SDKROOT = iphoneos;
				SWIFT_ACTIVE_COMPILATION_CONDITIONS = DEBUG;
				SWIFT_OPTIMIZATION_LEVEL = "-Onone";
			};
			name = Debug;
		};
		352ECFBE20C951F100FF4386 /* Release */ = {
			isa = XCBuildConfiguration;
			buildSettings = {
				ALWAYS_SEARCH_USER_PATHS = NO;
				CLANG_ANALYZER_NONNULL = YES;
				CLANG_ANALYZER_NUMBER_OBJECT_CONVERSION = YES_AGGRESSIVE;
				CLANG_CXX_LANGUAGE_STANDARD = "gnu++14";
				CLANG_CXX_LIBRARY = "libc++";
				CLANG_ENABLE_MODULES = YES;
				CLANG_ENABLE_OBJC_ARC = YES;
				CLANG_ENABLE_OBJC_WEAK = YES;
				CLANG_WARN_BLOCK_CAPTURE_AUTORELEASING = YES;
				CLANG_WARN_BOOL_CONVERSION = YES;
				CLANG_WARN_COMMA = YES;
				CLANG_WARN_CONSTANT_CONVERSION = YES;
				CLANG_WARN_DEPRECATED_OBJC_IMPLEMENTATIONS = YES;
				CLANG_WARN_DIRECT_OBJC_ISA_USAGE = YES_ERROR;
				CLANG_WARN_DOCUMENTATION_COMMENTS = YES;
				CLANG_WARN_EMPTY_BODY = YES;
				CLANG_WARN_ENUM_CONVERSION = YES;
				CLANG_WARN_INFINITE_RECURSION = YES;
				CLANG_WARN_INT_CONVERSION = YES;
				CLANG_WARN_NON_LITERAL_NULL_CONVERSION = YES;
				CLANG_WARN_OBJC_IMPLICIT_RETAIN_SELF = YES;
				CLANG_WARN_OBJC_LITERAL_CONVERSION = YES;
				CLANG_WARN_OBJC_ROOT_CLASS = YES_ERROR;
				CLANG_WARN_RANGE_LOOP_ANALYSIS = YES;
				CLANG_WARN_STRICT_PROTOTYPES = YES;
				CLANG_WARN_SUSPICIOUS_MOVE = YES;
				CLANG_WARN_UNGUARDED_AVAILABILITY = YES_AGGRESSIVE;
				CLANG_WARN_UNREACHABLE_CODE = YES;
				CLANG_WARN__DUPLICATE_METHOD_MATCH = YES;
				CODE_SIGN_IDENTITY = "iPhone Developer";
				COPY_PHASE_STRIP = NO;
				DEBUG_INFORMATION_FORMAT = "dwarf-with-dsym";
				ENABLE_NS_ASSERTIONS = NO;
				ENABLE_STRICT_OBJC_MSGSEND = YES;
				GCC_C_LANGUAGE_STANDARD = gnu11;
				GCC_NO_COMMON_BLOCKS = YES;
				GCC_WARN_64_TO_32_BIT_CONVERSION = YES;
				GCC_WARN_ABOUT_RETURN_TYPE = YES_ERROR;
				GCC_WARN_UNDECLARED_SELECTOR = YES;
				GCC_WARN_UNINITIALIZED_AUTOS = YES_AGGRESSIVE;
				GCC_WARN_UNUSED_FUNCTION = YES;
				GCC_WARN_UNUSED_VARIABLE = YES;
				IPHONEOS_DEPLOYMENT_TARGET = 11.3;
				MTL_ENABLE_DEBUG_INFO = NO;
				SDKROOT = iphoneos;
				SWIFT_COMPILATION_MODE = wholemodule;
				SWIFT_OPTIMIZATION_LEVEL = "-O";
				VALIDATE_PRODUCT = YES;
			};
			name = Release;
		};
		352ECFC020C951F100FF4386 /* Debug */ = {
			isa = XCBuildConfiguration;
			buildSettings = {
				ASSETCATALOG_COMPILER_APPICON_NAME = AppIcon;
				CODE_SIGN_STYLE = Automatic;
				INFOPLIST_FILE = SIngleViewApp/Info.plist;
				LD_RUNPATH_SEARCH_PATHS = (
					"$(inherited)",
					"@executable_path/Frameworks",
				);
				PRODUCT_BUNDLE_IDENTIFIER = will.SIngleViewApp;
				PRODUCT_NAME = "$(TARGET_NAME)";
				SWIFT_VERSION = 4.0;
				TARGETED_DEVICE_FAMILY = "1,2";
			};
			name = Debug;
		};
		352ECFC120C951F100FF4386 /* Release */ = {
			isa = XCBuildConfiguration;
			buildSettings = {
				ASSETCATALOG_COMPILER_APPICON_NAME = AppIcon;
				CODE_SIGN_STYLE = Automatic;
				INFOPLIST_FILE = SIngleViewApp/Info.plist;
				LD_RUNPATH_SEARCH_PATHS = (
					"$(inherited)",
					"@executable_path/Frameworks",
				);
				PRODUCT_BUNDLE_IDENTIFIER = will.SIngleViewApp;
				PRODUCT_NAME = "$(TARGET_NAME)";
				SWIFT_VERSION = 4.0;
				TARGETED_DEVICE_FAMILY = "1,2";
			};
			name = Release;
		};
		352ECFC320C951F100FF4386 /* Debug */ = {
			isa = XCBuildConfiguration;
			buildSettings = {
				ALWAYS_EMBED_SWIFT_STANDARD_LIBRARIES = YES;
				BUNDLE_LOADER = "$(TEST_HOST)";
				CODE_SIGN_STYLE = Automatic;
				INFOPLIST_FILE = SIngleViewAppTests/Info.plist;
				LD_RUNPATH_SEARCH_PATHS = (
					"$(inherited)",
					"@executable_path/Frameworks",
					"@loader_path/Frameworks",
				);
				PRODUCT_BUNDLE_IDENTIFIER = will.SIngleViewAppTests;
				PRODUCT_NAME = "$(TARGET_NAME)";
				SWIFT_VERSION = 4.0;
				TARGETED_DEVICE_FAMILY = "1,2";
				TEST_HOST = "$(BUILT_PRODUCTS_DIR)/SIngleViewApp.app/SIngleViewApp";
			};
			name = Debug;
		};
		352ECFC420C951F100FF4386 /* Release */ = {
			isa = XCBuildConfiguration;
			buildSettings = {
				ALWAYS_EMBED_SWIFT_STANDARD_LIBRARIES = YES;
				BUNDLE_LOADER = "$(TEST_HOST)";
				CODE_SIGN_STYLE = Automatic;
				INFOPLIST_FILE = SIngleViewAppTests/Info.plist;
				LD_RUNPATH_SEARCH_PATHS = (
					"$(inherited)",
					"@executable_path/Frameworks",
					"@loader_path/Frameworks",
				);
				PRODUCT_BUNDLE_IDENTIFIER = will.SIngleViewAppTests;
				PRODUCT_NAME = "$(TARGET_NAME)";
				SWIFT_VERSION = 4.0;
				TARGETED_DEVICE_FAMILY = "1,2";
				TEST_HOST = "$(BUILT_PRODUCTS_DIR)/SIngleViewApp.app/SIngleViewApp";
			};
			name = Release;
		};
		352ECFC620C951F100FF4386 /* Debug */ = {
			isa = XCBuildConfiguration;
			buildSettings = {
				ALWAYS_EMBED_SWIFT_STANDARD_LIBRARIES = YES;
				CODE_SIGN_STYLE = Automatic;
				INFOPLIST_FILE = SIngleViewAppUITests/Info.plist;
				LD_RUNPATH_SEARCH_PATHS = (
					"$(inherited)",
					"@executable_path/Frameworks",
					"@loader_path/Frameworks",
				);
				PRODUCT_BUNDLE_IDENTIFIER = will.SIngleViewAppUITests;
				PRODUCT_NAME = "$(TARGET_NAME)";
				SWIFT_VERSION = 4.0;
				TARGETED_DEVICE_FAMILY = "1,2";
				TEST_TARGET_NAME = SIngleViewApp;
			};
			name = Debug;
		};
		352ECFC720C951F100FF4386 /* Release */ = {
			isa = XCBuildConfiguration;
			buildSettings = {
				ALWAYS_EMBED_SWIFT_STANDARD_LIBRARIES = YES;
				CODE_SIGN_STYLE = Automatic;
				INFOPLIST_FILE = SIngleViewAppUITests/Info.plist;
				LD_RUNPATH_SEARCH_PATHS = (
					"$(inherited)",
					"@executable_path/Frameworks",
					"@loader_path/Frameworks",
				);
				PRODUCT_BUNDLE_IDENTIFIER = will.SIngleViewAppUITests;
				PRODUCT_NAME = "$(TARGET_NAME)";
				SWIFT_VERSION = 4.0;
				TARGETED_DEVICE_FAMILY = "1,2";
				TEST_TARGET_NAME = SIngleViewApp;
			};
			name = Release;
		};
/* End XCBuildConfiguration section */

/* Begin XCConfigurationList section */
		352ECF9220C951F000FF4386 /* Build configuration list for PBXProject "SIngleViewApp" */ = {
			isa = XCConfigurationList;
			buildConfigurations = (
				352ECFBD20C951F100FF4386 /* Debug */,
				352ECFBE20C951F100FF4386 /* Release */,
			);
			defaultConfigurationIsVisible = 0;
			defaultConfigurationName = Release;
		};
		352ECFBF20C951F100FF4386 /* Build configuration list for PBXNativeTarget "SIngleViewApp" */ = {
			isa = XCConfigurationList;
			buildConfigurations = (
				352ECFC020C951F100FF4386 /* Debug */,
				352ECFC120C951F100FF4386 /* Release */,
			);
			defaultConfigurationIsVisible = 0;
			defaultConfigurationName = Release;
		};
		352ECFC220C951F100FF4386 /* Build configuration list for PBXNativeTarget "SIngleViewAppTests" */ = {
			isa = XCConfigurationList;
			buildConfigurations = (
				352ECFC320C951F100FF4386 /* Debug */,
				352ECFC420C951F100FF4386 /* Release */,
			);
			defaultConfigurationIsVisible = 0;
			defaultConfigurationName = Release;
		};
		352ECFC520C951F100FF4386 /* Build configuration list for PBXNativeTarget "SIngleViewAppUITests" */ = {
			isa = XCConfigurationList;
			buildConfigurations = (
				352ECFC620C951F100FF4386 /* Debug */,
				352ECFC720C951F100FF4386 /* Release */,
			);
			defaultConfigurationIsVisible = 0;
			defaultConfigurationName = Release;
		};
/* End XCConfigurationList section */
	};
	rootObject = 352ECF8F20C951F000FF4386 /* Project object */;
}
